// !$*UTF8*$!
{
	archiveVersion = 1;
	classes = {
	};
	objectVersion = 60;
	objects = {

/* Begin PBXBuildFile section */
		1A0000010000000000000001 /* KcalTrackNativeApp.swift in Sources */ = {isa = PBXBuildFile; fileRef = 1A0000020000000000000002 /* KcalTrackNativeApp.swift */; };
		1A0000030000000000000003 /* Assets.xcassets in Resources */ = {isa = PBXBuildFile; fileRef = 1A0000040000000000000004 /* Assets.xcassets */; };
/* End PBXBuildFile section */

/* Begin PBXFileReference section */
		1A0000020000000000000002 /* KcalTrackNativeApp.swift */ = {isa = PBXFileReference; lastKnownFileType = sourcecode.swift; path = KcalTrackNativeApp.swift; sourceTree = "<group>"; };
		1A0000050000000000000005 /* KcalTrackNative.app */ = {isa = PBXFileReference; explicitFileType = wrapper.application; includeInIndex = 0; path = KcalTrackNative.app; sourceTree = BUILT_PRODUCTS_DIR; };
		1A0000040000000000000004 /* Assets.xcassets */ = {isa = PBXFileReference; lastKnownFileType = folder.assetcatalog; path = Assets.xcassets; sourceTree = "<group>"; };
/* End PBXFileReference section */

/* Begin PBXFrameworksBuildPhase section */
		1A0000060000000000000006 /* Frameworks */ = {
			isa = PBXFrameworksBuildPhase;
			buildActionMask = 2147483647;
			files = (
			);
			runOnlyForDeploymentPostprocessing = 0;
		};
/* End PBXFrameworksBuildPhase section */

/* Begin PBXGroup section */
		1A0000070000000000000007 = {
			isa = PBXGroup;
			children = (
				1A0000080000000000000008 /* KcalTrackNative */,
				1A0000090000000000000009 /* Products */,
			);
			sourceTree = "<group>";
		};
		1A0000080000000000000008 /* KcalTrackNative */ = {
			isa = PBXGroup;
			children = (
				1A0000020000000000000002 /* KcalTrackNativeApp.swift */,
				1A0000040000000000000004 /* Assets.xcassets */,
			);
			path = KcalTrackNative;
			sourceTree = "<group>";
		};
		1A0000090000000000000009 /* Products */ = {
			isa = PBXGroup;
			children = (
				1A0000050000000000000005 /* KcalTrackNative.app */,
			);
			name = Products;
			sourceTree = "<group>";
		};
/* End PBXGroup section */

/* Begin PBXNativeTarget section */
		1A00000A000000000000000A /* KcalTrackNative */ = {
			isa = PBXNativeTarget;
			buildConfigurationList = 1A00000F000000000000000F /* Build configuration list for PBXNativeTarget "KcalTrackNative" */;
			buildPhases = (
				1A00000B000000000000000B /* Sources */,
				1A0000060000000000000006 /* Frameworks */,
				1A00000C000000000000000C /* Resources */,
			);
			buildRules = (
			);
			dependencies = (
			);
			name = KcalTrackNative;
			productName = KcalTrackNative;
			productReference = 1A0000050000000000000005 /* KcalTrackNative.app */;
			productType = "com.apple.product-type.application";
		};
/* End PBXNativeTarget section */

/* Begin PBXProject section */
		1A00000D000000000000000D /* Project object */ = {
			isa = PBXProject;
			attributes = {
				LastUpgradeCheck = 1600;
			};
			buildConfigurationList = 1A00000E000000000000000E /* Build configuration list for PBXProject "KcalTrackNative" */;
			compatibilityVersion = "Xcode 14.0";
			developmentRegion = en;
			hasScannedForEncodings = 0;
			knownRegions = (
				en,
				Base,
			);
			mainGroup = 1A0000070000000000000007;
			productRefGroup = 1A0000090000000000000009 /* Products */;
			projectDirPath = "";
			projectRoot = "";
			targets = (
				1A00000A000000000000000A /* KcalTrackNative */,
			);
		};
/* End PBXProject section */

/* Begin PBXResourcesBuildPhase section */
		1A00000C000000000000000C /* Resources */ = {
			isa = PBXResourcesBuildPhase;
			buildActionMask = 2147483647;
			files = (
				1A0000030000000000000003 /* Assets.xcassets in Resources */,
			);
			runOnlyForDeploymentPostprocessing = 0;
		};
/* End PBXResourcesBuildPhase section */

/* Begin PBXSourcesBuildPhase section */
		1A00000B000000000000000B /* Sources */ = {
			isa = PBXSourcesBuildPhase;
			buildActionMask = 2147483647;
			files = (
				1A0000010000000000000001 /* KcalTrackNativeApp.swift in Sources */,
			);
			runOnlyForDeploymentPostprocessing = 0;
		};
/* End PBXSourcesBuildPhase section */

/* Begin XCBuildConfiguration section */
		1A0000100000000000000010 /* Debug */ = {
			isa = XCBuildConfiguration;
			buildSettings = {
				ALWAYS_SEARCH_USER_PATHS = NO;
				ASSETCATALOG_COMPILER_APPICON_NAME = AppIcon;
				ASSETCATALOG_COMPILER_GLOBAL_ACCENT_COLOR_NAME = AccentColor;
				CLANG_ENABLE_MODULES = YES;
				CODE_SIGN_STYLE = Automatic;
				CURRENT_PROJECT_VERSION = 1;
				GENERATE_INFOPLIST_FILE = NO;
				INFOPLIST_FILE = KcalTrackNative/Info.plist;
				IPHONEOS_DEPLOYMENT_TARGET = 17.0;
				PRODUCT_BUNDLE_IDENTIFIER = com.razikaslam.kcaltrack;
				PRODUCT_NAME = "$(TARGET_NAME)";
				SWIFT_VERSION = 5.0;
				TARGETED_DEVICE_FAMILY = "1,2";
			};
		};
		1A0000110000000000000011 /* Release */ = {
			isa = XCBuildConfiguration;
			buildSettings = {
				ALWAYS_SEARCH_USER_PATHS = NO;
				ASSETCATALOG_COMPILER_APPICON_NAME = AppIcon;
				ASSETCATALOG_COMPILER_GLOBAL_ACCENT_COLOR_NAME = AccentColor;
				CLANG_ENABLE_MODULES = YES;
				CODE_SIGN_STYLE = Automatic;
				CURRENT_PROJECT_VERSION = 1;
				GENERATE_INFOPLIST_FILE = NO;
				INFOPLIST_FILE = KcalTrackNative/Info.plist;
				IPHONEOS_DEPLOYMENT_TARGET = 17.0;
				PRODUCT_BUNDLE_IDENTIFIER = com.razikaslam.kcaltrack;
				PRODUCT_NAME = "$(TARGET_NAME)";
				SWIFT_VERSION = 5.0;
				TARGETED_DEVICE_FAMILY = "1,2";
			};
		};
		1A0000120000000000000012 /* Project Debug */ = {
			isa = XCBuildConfiguration;
			buildSettings = {
				ALWAYS_SEARCH_USER_PATHS = NO;
				CLANG_ENABLE_MODULES = YES;
			};
		};
		1A0000130000000000000013 /* Project Release */ = {
			isa = XCBuildConfiguration;
			buildSettings = {
				ALWAYS_SEARCH_USER_PATHS = NO;
				CLANG_ENABLE_MODULES = YES;
			};
		};
/* End XCBuildConfiguration section */

/* Begin XCConfigurationList section */
		1A00000E000000000000000E /* Build configuration list for PBXProject "KcalTrackNative" */ = {
			isa = XCConfigurationList;
			buildConfigurations = (
				1A0000120000000000000012 /* Project Debug */,
				1A0000130000000000000013 /* Project Release */,
			);
			defaultConfigurationIsVisible = 0;
			defaultConfigurationName = Release;
		};
		1A00000F000000000000000F /* Build configuration list for PBXNativeTarget "KcalTrackNative" */ = {
			isa = XCConfigurationList;
			buildConfigurations = (
				1A0000100000000000000010 /* Debug */,
				1A0000110000000000000011 /* Release */,
			);
			defaultConfigurationIsVisible = 0;
			defaultConfigurationName = Release;
		};
/* End XCConfigurationList section */
	};
	rootObject = 1A00000D000000000000000D /* Project object */;
}
